
Microsoft Visual Studio Solution File, Format Version 12.00
# Visual Studio Version 16
VisualStudioVersion = 16.0.31515.178
MinimumVisualStudioVersion = 10.0.40219.1
Project("{FAE04EC0-301F-11D3-BF4B-00C04F79EFBC}") = "TechTest", "TechTest\TechTest.csproj", "{A2B1160E-0374-49E3-ACBB-60C57E2BB0BB}"
EndProject
Project("{FAE04EC0-301F-11D3-BF4B-00C04F79EFBC}") = "TechTest_Tests", "TechTest_Test\TechTest_Tests.csproj", "{7C361775-0136-452C-A3CD-6E512C20E9B3}"
EndProject
Global
	GlobalSection(SolutionConfigurationPlatforms) = preSolution
		Debug|Any CPU = Debug|Any CPU
		Release|Any CPU = Release|Any CPU
	EndGlobalSection
	GlobalSection(ProjectConfigurationPlatforms) = postSolution
		{A2B1160E-0374-49E3-ACBB-60C57E2BB0BB}.Debug|Any CPU.ActiveCfg = Debug|Any CPU
		{A2B1160E-0374-49E3-ACBB-60C57E2BB0BB}.Debug|Any CPU.Build.0 = Debug|Any CPU
		{A2B1160E-0374-49E3-ACBB-60C57E2BB0BB}.Release|Any CPU.ActiveCfg = Release|Any CPU
		{A2B1160E-0374-49E3-ACBB-60C57E2BB0BB}.Release|Any CPU.Build.0 = Release|Any CPU
		{7C361775-0136-452C-A3CD-6E512C20E9B3}.Debug|Any CPU.ActiveCfg = Debug|Any CPU
		{7C361775-0136-452C-A3CD-6E512C20E9B3}.Debug|Any CPU.Build.0 = Debug|Any CPU
		{7C361775-0136-452C-A3CD-6E512C20E9B3}.Release|Any CPU.ActiveCfg = Release|Any CPU
		{7C361775-0136-452C-A3CD-6E512C20E9B3}.Release|Any CPU.Build.0 = Release|Any CPU
	EndGlobalSection
	GlobalSection(SolutionProperties) = preSolution
		HideSolutionNode = FALSE
	EndGlobalSection
	GlobalSection(ExtensibilityGlobals) = postSolution
		SolutionGuid = {70EB8969-81BD-4B4E-BD7B-6CF3A31CDDA9}
	EndGlobalSection
EndGlobal
